// !$*UTF8*$!
{
	archiveVersion = 1;
	classes = {
	};
	objectVersion = 46;
	objects = {

/* Begin PBXBuildFile section */
		3641A91E3EE64EB88834A0D3 /* libPods.a in Frameworks */ = {isa = PBXBuildFile; fileRef = 39B64E679F964E63AB7E7DF8 /* libPods.a */; };
		A515CF04173593820054EC16 /* main-background-568h@2x.png in Resources */ = {isa = PBXBuildFile; fileRef = A515CF03173593820054EC16 /* main-background-568h@2x.png */; };
		A515CF06173593950054EC16 /* splash-568h@2x.png in Resources */ = {isa = PBXBuildFile; fileRef = A515CF05173593950054EC16 /* splash-568h@2x.png */; };
		A515CF081735A6090054EC16 /* background-568h@2x.png in Resources */ = {isa = PBXBuildFile; fileRef = A515CF071735A6090054EC16 /* background-568h@2x.png */; };
		A5169BD01724BD3D0075E873 /* OCTotallyLazy.framework in Frameworks */ = {isa = PBXBuildFile; fileRef = A5169BCF1724BD3D0075E873 /* OCTotallyLazy.framework */; };
		A5169BD31724DA350075E873 /* SplashViewController.m in Sources */ = {isa = PBXBuildFile; fileRef = A5169BD21724DA350075E873 /* SplashViewController.m */; };
		A5191EC7171E1FD300CA83A6 /* UIKit.framework in Frameworks */ = {isa = PBXBuildFile; fileRef = A5191EC6171E1FD300CA83A6 /* UIKit.framework */; };
		A5191EC9171E1FD300CA83A6 /* Foundation.framework in Frameworks */ = {isa = PBXBuildFile; fileRef = A5191EC8171E1FD300CA83A6 /* Foundation.framework */; };
		A5191ECB171E1FD300CA83A6 /* CoreGraphics.framework in Frameworks */ = {isa = PBXBuildFile; fileRef = A5191ECA171E1FD300CA83A6 /* CoreGraphics.framework */; };
		A5191ED1171E1FD300CA83A6 /* InfoPlist.strings in Resources */ = {isa = PBXBuildFile; fileRef = A5191ECF171E1FD300CA83A6 /* InfoPlist.strings */; };
		A5191ED3171E1FD300CA83A6 /* main.m in Sources */ = {isa = PBXBuildFile; fileRef = A5191ED2171E1FD300CA83A6 /* main.m */; };
		A5191ED7171E1FD300CA83A6 /* AppDelegate.m in Sources */ = {isa = PBXBuildFile; fileRef = A5191ED6171E1FD300CA83A6 /* AppDelegate.m */; };
		A5191EE0171E1FD400CA83A6 /* MainStoryboard_iPhone.storyboard in Resources */ = {isa = PBXBuildFile; fileRef = A5191EDE171E1FD400CA83A6 /* MainStoryboard_iPhone.storyboard */; };
		A5191EE6171E1FD400CA83A6 /* CalculatorViewController.m in Sources */ = {isa = PBXBuildFile; fileRef = A5191EE5171E1FD400CA83A6 /* CalculatorViewController.m */; };
		A5191EED171E1FD400CA83A6 /* MainViewController.m in Sources */ = {isa = PBXBuildFile; fileRef = A5191EEC171E1FD400CA83A6 /* MainViewController.m */; };
		A5191EF9171E1FD400CA83A6 /* SenTestingKit.framework in Frameworks */ = {isa = PBXBuildFile; fileRef = A5191EF8171E1FD400CA83A6 /* SenTestingKit.framework */; };
		A5191EFA171E1FD400CA83A6 /* UIKit.framework in Frameworks */ = {isa = PBXBuildFile; fileRef = A5191EC6171E1FD300CA83A6 /* UIKit.framework */; };
		A5191EFB171E1FD400CA83A6 /* Foundation.framework in Frameworks */ = {isa = PBXBuildFile; fileRef = A5191EC8171E1FD300CA83A6 /* Foundation.framework */; };
		A5191F03171E1FD400CA83A6 /* InfoPlist.strings in Resources */ = {isa = PBXBuildFile; fileRef = A5191F01171E1FD400CA83A6 /* InfoPlist.strings */; };
		A5191F06171E1FD400CA83A6 /* Mental_Math_appTests.m in Sources */ = {isa = PBXBuildFile; fileRef = A5191F05171E1FD400CA83A6 /* Mental_Math_appTests.m */; };
		A5191F11171E3F7200CA83A6 /* Operation.m in Sources */ = {isa = PBXBuildFile; fileRef = A5191F10171E3F7200CA83A6 /* Operation.m */; };
		A54330751737313200FB1E18 /* Social.framework in Frameworks */ = {isa = PBXBuildFile; fileRef = A54330741737313200FB1E18 /* Social.framework */; };
		A54FFAFC174A3C07008DD56F /* mental-math-icon.png in Resources */ = {isa = PBXBuildFile; fileRef = A54FFAFB174A3C07008DD56F /* mental-math-icon.png */; };
		A5526C171723655C007967AA /* SummaryViewController.m in Sources */ = {isa = PBXBuildFile; fileRef = A5526C161723655C007967AA /* SummaryViewController.m */; };
		A55E4D8F174D9EC40006D6BB /* GameCenterHelper.m in Sources */ = {isa = PBXBuildFile; fileRef = A55E4D8E174D9EC40006D6BB /* GameCenterHelper.m */; };
		A56579471754102400DE7FA7 /* background.png in Resources */ = {isa = PBXBuildFile; fileRef = A56579441754102400DE7FA7 /* background.png */; };
		A56579481754102400DE7FA7 /* main-background.png in Resources */ = {isa = PBXBuildFile; fileRef = A56579451754102400DE7FA7 /* main-background.png */; };
		A56579491754102400DE7FA7 /* splash.png in Resources */ = {isa = PBXBuildFile; fileRef = A56579461754102400DE7FA7 /* splash.png */; };
		A565794B175417C600DE7FA7 /* small-icon.png in Resources */ = {isa = PBXBuildFile; fileRef = A565794A175417C600DE7FA7 /* small-icon.png */; };
		A56579501754196100DE7FA7 /* app-small-icon.png in Resources */ = {isa = PBXBuildFile; fileRef = A565794E1754185000DE7FA7 /* app-small-icon.png */; };
		A567115F17220056009A6414 /* ConfigHelper.m in Sources */ = {isa = PBXBuildFile; fileRef = A567115E17220056009A6414 /* ConfigHelper.m */; };
		A5714B6A174B861700ECFEBF /* GameKit.framework in Frameworks */ = {isa = PBXBuildFile; fileRef = A5714B69174B861700ECFEBF /* GameKit.framework */; };
		A57C850A171ECEED00C5C4F0 /* OperationList.m in Sources */ = {isa = PBXBuildFile; fileRef = A57C8509171ECEED00C5C4F0 /* OperationList.m */; };
		A5909084171F6DA3005C63AF /* OperationFactory.m in Sources */ = {isa = PBXBuildFile; fileRef = A5909083171F6DA3005C63AF /* OperationFactory.m */; };
		A5964CD2172E0E32004B349E /* PastResultsViewController.m in Sources */ = {isa = PBXBuildFile; fileRef = A5964CD1172E0E32004B349E /* PastResultsViewController.m */; };
		A5A6FE8817233204003D3EB4 /* SettingsViewController.m in Sources */ = {isa = PBXBuildFile; fileRef = A5A6FE8717233204003D3EB4 /* SettingsViewController.m */; };
		A5B904FD1720DB6800AD889B /* OperatorsFactory.m in Sources */ = {isa = PBXBuildFile; fileRef = A5B904FC1720DB6800AD889B /* OperatorsFactory.m */; };
		A5B905001720DB9D00AD889B /* OperatorsPair.m in Sources */ = {isa = PBXBuildFile; fileRef = A5B904FF1720DB9D00AD889B /* OperatorsPair.m */; };
		A5B905031720E6FB00AD889B /* MathHelper.m in Sources */ = {isa = PBXBuildFile; fileRef = A5B905021720E6FB00AD889B /* MathHelper.m */; };
		A5BE443D1739C4F400B40F92 /* UIImage+H568.m in Sources */ = {isa = PBXBuildFile; fileRef = A5BE443C1739C4F400B40F92 /* UIImage+H568.m */; };
		A5D590361738A6D700449814 /* background@2x.png in Resources */ = {isa = PBXBuildFile; fileRef = A5D590331738A6D700449814 /* background@2x.png */; };
		A5D590371738A6D700449814 /* main-background@2x.png in Resources */ = {isa = PBXBuildFile; fileRef = A5D590341738A6D700449814 /* main-background@2x.png */; };
		A5D590381738A6D700449814 /* splash@2x.png in Resources */ = {isa = PBXBuildFile; fileRef = A5D590351738A6D700449814 /* splash@2x.png */; };
		A5D5903A1738A6EE00449814 /* Default-568h@2x.png in Resources */ = {isa = PBXBuildFile; fileRef = A5D590391738A6EE00449814 /* Default-568h@2x.png */; };
		A5EF3E3D17261F8300BCE63E /* UIHelper.m in Sources */ = {isa = PBXBuildFile; fileRef = A5EF3E3C17261F8300BCE63E /* UIHelper.m */; };
		A5F9BBF01741EC5900A64C26 /* ViewOperationsViewController.m in Sources */ = {isa = PBXBuildFile; fileRef = A5F9BBEF1741EC5800A64C26 /* ViewOperationsViewController.m */; };
		A5F9BBF31743DCBC00A64C26 /* OperationTableCell.m in Sources */ = {isa = PBXBuildFile; fileRef = A5F9BBF21743DCBB00A64C26 /* OperationTableCell.m */; };
/* End PBXBuildFile section */

/* Begin PBXContainerItemProxy section */
		A5191EFC171E1FD400CA83A6 /* PBXContainerItemProxy */ = {
			isa = PBXContainerItemProxy;
			containerPortal = A5191EBB171E1FD300CA83A6 /* Project object */;
			proxyType = 1;
			remoteGlobalIDString = A5191EC2171E1FD300CA83A6;
			remoteInfo = "Mental-Math-app";
		};
/* End PBXContainerItemProxy section */

/* Begin PBXFileReference section */
		228FBDC3563A4BB2BB6EF173 /* Pods.xcconfig */ = {isa = PBXFileReference; includeInIndex = 1; lastKnownFileType = text.xcconfig; name = Pods.xcconfig; path = Pods/Pods.xcconfig; sourceTree = SOURCE_ROOT; };
		39B64E679F964E63AB7E7DF8 /* libPods.a */ = {isa = PBXFileReference; explicitFileType = archive.ar; includeInIndex = 0; path = libPods.a; sourceTree = BUILT_PRODUCTS_DIR; };
		A515CF03173593820054EC16 /* main-background-568h@2x.png */ = {isa = PBXFileReference; lastKnownFileType = image.png; path = "main-background-568h@2x.png"; sourceTree = "<group>"; };
		A515CF05173593950054EC16 /* splash-568h@2x.png */ = {isa = PBXFileReference; lastKnownFileType = image.png; path = "splash-568h@2x.png"; sourceTree = "<group>"; };
		A515CF071735A6090054EC16 /* background-568h@2x.png */ = {isa = PBXFileReference; lastKnownFileType = image.png; path = "background-568h@2x.png"; sourceTree = "<group>"; };
		A5169BCF1724BD3D0075E873 /* OCTotallyLazy.framework */ = {isa = PBXFileReference; lastKnownFileType = wrapper.framework; name = OCTotallyLazy.framework; path = "../External-Libs/OCTotallyLazy.framework"; sourceTree = "<group>"; };
		A5169BD11724DA350075E873 /* SplashViewController.h */ = {isa = PBXFileReference; fileEncoding = 4; lastKnownFileType = sourcecode.c.h; path = SplashViewController.h; sourceTree = "<group>"; };
		A5169BD21724DA350075E873 /* SplashViewController.m */ = {isa = PBXFileReference; fileEncoding = 4; lastKnownFileType = sourcecode.c.objc; path = SplashViewController.m; sourceTree = "<group>"; };
		A5191EC3171E1FD300CA83A6 /* Mental Math.app */ = {isa = PBXFileReference; explicitFileType = wrapper.application; includeInIndex = 0; path = "Mental Math.app"; sourceTree = BUILT_PRODUCTS_DIR; };
		A5191EC6171E1FD300CA83A6 /* UIKit.framework */ = {isa = PBXFileReference; lastKnownFileType = wrapper.framework; name = UIKit.framework; path = System/Library/Frameworks/UIKit.framework; sourceTree = SDKROOT; };
		A5191EC8171E1FD300CA83A6 /* Foundation.framework */ = {isa = PBXFileReference; lastKnownFileType = wrapper.framework; name = Foundation.framework; path = System/Library/Frameworks/Foundation.framework; sourceTree = SDKROOT; };
		A5191ECA171E1FD300CA83A6 /* CoreGraphics.framework */ = {isa = PBXFileReference; lastKnownFileType = wrapper.framework; name = CoreGraphics.framework; path = System/Library/Frameworks/CoreGraphics.framework; sourceTree = SDKROOT; };
		A5191ECE171E1FD300CA83A6 /* Mental-Math-app-Info.plist */ = {isa = PBXFileReference; lastKnownFileType = text.plist.xml; path = "Mental-Math-app-Info.plist"; sourceTree = "<group>"; };
		A5191ED0171E1FD300CA83A6 /* en */ = {isa = PBXFileReference; lastKnownFileType = text.plist.strings; name = en; path = en.lproj/InfoPlist.strings; sourceTree = "<group>"; };
		A5191ED2171E1FD300CA83A6 /* main.m */ = {isa = PBXFileReference; lastKnownFileType = sourcecode.c.objc; path = main.m; sourceTree = "<group>"; };
		A5191ED4171E1FD300CA83A6 /* Mental-Math-app-Prefix.pch */ = {isa = PBXFileReference; lastKnownFileType = sourcecode.c.h; path = "Mental-Math-app-Prefix.pch"; sourceTree = "<group>"; };
		A5191ED5171E1FD300CA83A6 /* AppDelegate.h */ = {isa = PBXFileReference; lastKnownFileType = sourcecode.c.h; path = AppDelegate.h; sourceTree = "<group>"; };
		A5191ED6171E1FD300CA83A6 /* AppDelegate.m */ = {isa = PBXFileReference; lastKnownFileType = sourcecode.c.objc; path = AppDelegate.m; sourceTree = "<group>"; };
		A5191EDF171E1FD400CA83A6 /* en */ = {isa = PBXFileReference; lastKnownFileType = file.storyboard; name = en; path = en.lproj/MainStoryboard_iPhone.storyboard; sourceTree = "<group>"; };
		A5191EE4171E1FD400CA83A6 /* CalculatorViewController.h */ = {isa = PBXFileReference; lastKnownFileType = sourcecode.c.h; path = CalculatorViewController.h; sourceTree = "<group>"; };
		A5191EE5171E1FD400CA83A6 /* CalculatorViewController.m */ = {isa = PBXFileReference; lastKnownFileType = sourcecode.c.objc; path = CalculatorViewController.m; sourceTree = "<group>"; };
		A5191EEB171E1FD400CA83A6 /* MainViewController.h */ = {isa = PBXFileReference; lastKnownFileType = sourcecode.c.h; path = MainViewController.h; sourceTree = "<group>"; };
		A5191EEC171E1FD400CA83A6 /* MainViewController.m */ = {isa = PBXFileReference; lastKnownFileType = sourcecode.c.objc; path = MainViewController.m; sourceTree = "<group>"; };
		A5191EF7171E1FD400CA83A6 /* Mental-Math-appTests.octest */ = {isa = PBXFileReference; explicitFileType = wrapper.cfbundle; includeInIndex = 0; path = "Mental-Math-appTests.octest"; sourceTree = BUILT_PRODUCTS_DIR; };
		A5191EF8171E1FD400CA83A6 /* SenTestingKit.framework */ = {isa = PBXFileReference; lastKnownFileType = wrapper.framework; name = SenTestingKit.framework; path = Library/Frameworks/SenTestingKit.framework; sourceTree = DEVELOPER_DIR; };
		A5191F00171E1FD400CA83A6 /* Mental-Math-appTests-Info.plist */ = {isa = PBXFileReference; lastKnownFileType = text.plist.xml; path = "Mental-Math-appTests-Info.plist"; sourceTree = "<group>"; };
		A5191F02171E1FD400CA83A6 /* en */ = {isa = PBXFileReference; lastKnownFileType = text.plist.strings; name = en; path = en.lproj/InfoPlist.strings; sourceTree = "<group>"; };
		A5191F04171E1FD400CA83A6 /* Mental_Math_appTests.h */ = {isa = PBXFileReference; lastKnownFileType = sourcecode.c.h; path = Mental_Math_appTests.h; sourceTree = "<group>"; };
		A5191F05171E1FD400CA83A6 /* Mental_Math_appTests.m */ = {isa = PBXFileReference; lastKnownFileType = sourcecode.c.objc; path = Mental_Math_appTests.m; sourceTree = "<group>"; };
		A5191F0F171E3F7200CA83A6 /* Operation.h */ = {isa = PBXFileReference; fileEncoding = 4; lastKnownFileType = sourcecode.c.h; path = Operation.h; sourceTree = "<group>"; };
		A5191F10171E3F7200CA83A6 /* Operation.m */ = {isa = PBXFileReference; fileEncoding = 4; lastKnownFileType = sourcecode.c.objc; path = Operation.m; sourceTree = "<group>"; };
		A54330741737313200FB1E18 /* Social.framework */ = {isa = PBXFileReference; lastKnownFileType = wrapper.framework; name = Social.framework; path = System/Library/Frameworks/Social.framework; sourceTree = SDKROOT; };
		A54FFAFB174A3C07008DD56F /* mental-math-icon.png */ = {isa = PBXFileReference; lastKnownFileType = image.png; path = "mental-math-icon.png"; sourceTree = "<group>"; };
		A5526C151723655C007967AA /* SummaryViewController.h */ = {isa = PBXFileReference; fileEncoding = 4; lastKnownFileType = sourcecode.c.h; path = SummaryViewController.h; sourceTree = "<group>"; };
		A5526C161723655C007967AA /* SummaryViewController.m */ = {isa = PBXFileReference; fileEncoding = 4; lastKnownFileType = sourcecode.c.objc; path = SummaryViewController.m; sourceTree = "<group>"; };
		A55E4D8D174D9EC40006D6BB /* GameCenterHelper.h */ = {isa = PBXFileReference; fileEncoding = 4; lastKnownFileType = sourcecode.c.h; path = GameCenterHelper.h; sourceTree = "<group>"; };
		A55E4D8E174D9EC40006D6BB /* GameCenterHelper.m */ = {isa = PBXFileReference; fileEncoding = 4; lastKnownFileType = sourcecode.c.objc; path = GameCenterHelper.m; sourceTree = "<group>"; };
		A56579441754102400DE7FA7 /* background.png */ = {isa = PBXFileReference; lastKnownFileType = image.png; path = background.png; sourceTree = "<group>"; };
		A56579451754102400DE7FA7 /* main-background.png */ = {isa = PBXFileReference; lastKnownFileType = image.png; path = "main-background.png"; sourceTree = "<group>"; };
		A56579461754102400DE7FA7 /* splash.png */ = {isa = PBXFileReference; lastKnownFileType = image.png; path = splash.png; sourceTree = "<group>"; };
		A565794A175417C600DE7FA7 /* small-icon.png */ = {isa = PBXFileReference; lastKnownFileType = image.png; path = "small-icon.png"; sourceTree = "<group>"; };
		A565794E1754185000DE7FA7 /* app-small-icon.png */ = {isa = PBXFileReference; lastKnownFileType = image.png; path = "app-small-icon.png"; sourceTree = "<group>"; };
		A567115D17220056009A6414 /* ConfigHelper.h */ = {isa = PBXFileReference; fileEncoding = 4; lastKnownFileType = sourcecode.c.h; path = ConfigHelper.h; sourceTree = "<group>"; };
		A567115E17220056009A6414 /* ConfigHelper.m */ = {isa = PBXFileReference; fileEncoding = 4; lastKnownFileType = sourcecode.c.objc; path = ConfigHelper.m; sourceTree = "<group>"; };
		A5714B69174B861700ECFEBF /* GameKit.framework */ = {isa = PBXFileReference; lastKnownFileType = wrapper.framework; name = GameKit.framework; path = System/Library/Frameworks/GameKit.framework; sourceTree = SDKROOT; };
		A57C8508171ECEED00C5C4F0 /* OperationList.h */ = {isa = PBXFileReference; fileEncoding = 4; lastKnownFileType = sourcecode.c.h; path = OperationList.h; sourceTree = "<group>"; };
		A57C8509171ECEED00C5C4F0 /* OperationList.m */ = {isa = PBXFileReference; fileEncoding = 4; lastKnownFileType = sourcecode.c.objc; path = OperationList.m; sourceTree = "<group>"; };
		A5909082171F6DA3005C63AF /* OperationFactory.h */ = {isa = PBXFileReference; fileEncoding = 4; lastKnownFileType = sourcecode.c.h; path = OperationFactory.h; sourceTree = "<group>"; };
		A5909083171F6DA3005C63AF /* OperationFactory.m */ = {isa = PBXFileReference; fileEncoding = 4; lastKnownFileType = sourcecode.c.objc; path = OperationFactory.m; sourceTree = "<group>"; };
		A5964CD0172E0E32004B349E /* PastResultsViewController.h */ = {isa = PBXFileReference; fileEncoding = 4; lastKnownFileType = sourcecode.c.h; path = PastResultsViewController.h; sourceTree = "<group>"; };
		A5964CD1172E0E32004B349E /* PastResultsViewController.m */ = {isa = PBXFileReference; fileEncoding = 4; lastKnownFileType = sourcecode.c.objc; path = PastResultsViewController.m; sourceTree = "<group>"; };
		A5A6FE8617233204003D3EB4 /* SettingsViewController.h */ = {isa = PBXFileReference; fileEncoding = 4; lastKnownFileType = sourcecode.c.h; path = SettingsViewController.h; sourceTree = "<group>"; };
		A5A6FE8717233204003D3EB4 /* SettingsViewController.m */ = {isa = PBXFileReference; fileEncoding = 4; lastKnownFileType = sourcecode.c.objc; path = SettingsViewController.m; sourceTree = "<group>"; };
		A5B904FB1720DB6800AD889B /* OperatorsFactory.h */ = {isa = PBXFileReference; fileEncoding = 4; lastKnownFileType = sourcecode.c.h; path = OperatorsFactory.h; sourceTree = "<group>"; };
		A5B904FC1720DB6800AD889B /* OperatorsFactory.m */ = {isa = PBXFileReference; fileEncoding = 4; lastKnownFileType = sourcecode.c.objc; path = OperatorsFactory.m; sourceTree = "<group>"; };
		A5B904FE1720DB9D00AD889B /* OperatorsPair.h */ = {isa = PBXFileReference; fileEncoding = 4; lastKnownFileType = sourcecode.c.h; path = OperatorsPair.h; sourceTree = "<group>"; };
		A5B904FF1720DB9D00AD889B /* OperatorsPair.m */ = {isa = PBXFileReference; fileEncoding = 4; lastKnownFileType = sourcecode.c.objc; path = OperatorsPair.m; sourceTree = "<group>"; };
		A5B905011720E6FB00AD889B /* MathHelper.h */ = {isa = PBXFileReference; fileEncoding = 4; lastKnownFileType = sourcecode.c.h; path = MathHelper.h; sourceTree = "<group>"; };
		A5B905021720E6FB00AD889B /* MathHelper.m */ = {isa = PBXFileReference; fileEncoding = 4; lastKnownFileType = sourcecode.c.objc; path = MathHelper.m; sourceTree = "<group>"; };
		A5BE443B1739C4F400B40F92 /* UIImage+H568.h */ = {isa = PBXFileReference; fileEncoding = 4; lastKnownFileType = sourcecode.c.h; path = "UIImage+H568.h"; sourceTree = "<group>"; };
		A5BE443C1739C4F400B40F92 /* UIImage+H568.m */ = {isa = PBXFileReference; fileEncoding = 4; lastKnownFileType = sourcecode.c.objc; path = "UIImage+H568.m"; sourceTree = "<group>"; };
		A5D590331738A6D700449814 /* background@2x.png */ = {isa = PBXFileReference; lastKnownFileType = image.png; path = "background@2x.png"; sourceTree = "<group>"; };
		A5D590341738A6D700449814 /* main-background@2x.png */ = {isa = PBXFileReference; lastKnownFileType = image.png; path = "main-background@2x.png"; sourceTree = "<group>"; };
		A5D590351738A6D700449814 /* splash@2x.png */ = {isa = PBXFileReference; lastKnownFileType = image.png; path = "splash@2x.png"; sourceTree = "<group>"; };
		A5D590391738A6EE00449814 /* Default-568h@2x.png */ = {isa = PBXFileReference; lastKnownFileType = image.png; name = "Default-568h@2x.png"; path = "../Default-568h@2x.png"; sourceTree = "<group>"; };
		A5EF3E3B17261F8300BCE63E /* UIHelper.h */ = {isa = PBXFileReference; fileEncoding = 4; lastKnownFileType = sourcecode.c.h; path = UIHelper.h; sourceTree = "<group>"; };
		A5EF3E3C17261F8300BCE63E /* UIHelper.m */ = {isa = PBXFileReference; fileEncoding = 4; lastKnownFileType = sourcecode.c.objc; path = UIHelper.m; sourceTree = "<group>"; };
		A5F9BBEE1741EC5800A64C26 /* ViewOperationsViewController.h */ = {isa = PBXFileReference; fileEncoding = 4; lastKnownFileType = sourcecode.c.h; path = ViewOperationsViewController.h; sourceTree = "<group>"; };
		A5F9BBEF1741EC5800A64C26 /* ViewOperationsViewController.m */ = {isa = PBXFileReference; fileEncoding = 4; lastKnownFileType = sourcecode.c.objc; path = ViewOperationsViewController.m; sourceTree = "<group>"; };
		A5F9BBF11743DCBB00A64C26 /* OperationTableCell.h */ = {isa = PBXFileReference; fileEncoding = 4; lastKnownFileType = sourcecode.c.h; path = OperationTableCell.h; sourceTree = "<group>"; };
		A5F9BBF21743DCBB00A64C26 /* OperationTableCell.m */ = {isa = PBXFileReference; fileEncoding = 4; lastKnownFileType = sourcecode.c.objc; path = OperationTableCell.m; sourceTree = "<group>"; };
/* End PBXFileReference section */

/* Begin PBXFrameworksBuildPhase section */
		A5191EC0171E1FD300CA83A6 /* Frameworks */ = {
			isa = PBXFrameworksBuildPhase;
			buildActionMask = 2147483647;
			files = (
				A5714B6A174B861700ECFEBF /* GameKit.framework in Frameworks */,
				A54330751737313200FB1E18 /* Social.framework in Frameworks */,
				A5169BD01724BD3D0075E873 /* OCTotallyLazy.framework in Frameworks */,
				A5191EC7171E1FD300CA83A6 /* UIKit.framework in Frameworks */,
				A5191EC9171E1FD300CA83A6 /* Foundation.framework in Frameworks */,
				A5191ECB171E1FD300CA83A6 /* CoreGraphics.framework in Frameworks */,
				3641A91E3EE64EB88834A0D3 /* libPods.a in Frameworks */,
			);
			runOnlyForDeploymentPostprocessing = 0;
		};
		A5191EF3171E1FD400CA83A6 /* Frameworks */ = {
			isa = PBXFrameworksBuildPhase;
			buildActionMask = 2147483647;
			files = (
				A5191EF9171E1FD400CA83A6 /* SenTestingKit.framework in Frameworks */,
				A5191EFA171E1FD400CA83A6 /* UIKit.framework in Frameworks */,
				A5191EFB171E1FD400CA83A6 /* Foundation.framework in Frameworks */,
			);
			runOnlyForDeploymentPostprocessing = 0;
		};
/* End PBXFrameworksBuildPhase section */

/* Begin PBXGroup section */
		A5191EBA171E1FD300CA83A6 = {
			isa = PBXGroup;
			children = (
				A565794E1754185000DE7FA7 /* app-small-icon.png */,
				A5714B69174B861700ECFEBF /* GameKit.framework */,
				A54330741737313200FB1E18 /* Social.framework */,
				A5169BCF1724BD3D0075E873 /* OCTotallyLazy.framework */,
				A5191ECC171E1FD300CA83A6 /* Mental-Math-app */,
				A5191EFE171E1FD400CA83A6 /* Mental-Math-appTests */,
				A5191EC5171E1FD300CA83A6 /* Frameworks */,
				A5191EC4171E1FD300CA83A6 /* Products */,
				228FBDC3563A4BB2BB6EF173 /* Pods.xcconfig */,
			);
			sourceTree = "<group>";
		};
		A5191EC4171E1FD300CA83A6 /* Products */ = {
			isa = PBXGroup;
			children = (
				A5191EC3171E1FD300CA83A6 /* Mental Math.app */,
				A5191EF7171E1FD400CA83A6 /* Mental-Math-appTests.octest */,
			);
			name = Products;
			sourceTree = "<group>";
		};
		A5191EC5171E1FD300CA83A6 /* Frameworks */ = {
			isa = PBXGroup;
			children = (
				A5191EC6171E1FD300CA83A6 /* UIKit.framework */,
				A5191EC8171E1FD300CA83A6 /* Foundation.framework */,
				A5191ECA171E1FD300CA83A6 /* CoreGraphics.framework */,
				A5191EF8171E1FD400CA83A6 /* SenTestingKit.framework */,
				39B64E679F964E63AB7E7DF8 /* libPods.a */,
			);
			name = Frameworks;
			sourceTree = "<group>";
		};
		A5191ECC171E1FD300CA83A6 /* Mental-Math-app */ = {
			isa = PBXGroup;
			children = (
				A5191F14171E510900CA83A6 /* Helpers */,
				A5191F13171E50EC00CA83A6 /* Models */,
				A5191F12171E50E200CA83A6 /* Controllers */,
				A5191ED5171E1FD300CA83A6 /* AppDelegate.h */,
				A5191ED6171E1FD300CA83A6 /* AppDelegate.m */,
				A5191EDE171E1FD400CA83A6 /* MainStoryboard_iPhone.storyboard */,
				A5191ECD171E1FD300CA83A6 /* Supporting Files */,
			);
			path = "Mental-Math-app";
			sourceTree = "<group>";
		};
		A5191ECD171E1FD300CA83A6 /* Supporting Files */ = {
			isa = PBXGroup;
			children = (
				A565794A175417C600DE7FA7 /* small-icon.png */,
				A56579441754102400DE7FA7 /* background.png */,
				A56579451754102400DE7FA7 /* main-background.png */,
				A56579461754102400DE7FA7 /* splash.png */,
				A54FFAFB174A3C07008DD56F /* mental-math-icon.png */,
				A5D590391738A6EE00449814 /* Default-568h@2x.png */,
				A5D590331738A6D700449814 /* background@2x.png */,
				A5D590341738A6D700449814 /* main-background@2x.png */,
				A5D590351738A6D700449814 /* splash@2x.png */,
				A515CF071735A6090054EC16 /* background-568h@2x.png */,
				A515CF05173593950054EC16 /* splash-568h@2x.png */,
				A515CF03173593820054EC16 /* main-background-568h@2x.png */,
				A5191ECE171E1FD300CA83A6 /* Mental-Math-app-Info.plist */,
				A5191ECF171E1FD300CA83A6 /* InfoPlist.strings */,
				A5191ED2171E1FD300CA83A6 /* main.m */,
				A5191ED4171E1FD300CA83A6 /* Mental-Math-app-Prefix.pch */,
			);
			name = "Supporting Files";
			sourceTree = "<group>";
		};
		A5191EFE171E1FD400CA83A6 /* Mental-Math-appTests */ = {
			isa = PBXGroup;
			children = (
				A5191F04171E1FD400CA83A6 /* Mental_Math_appTests.h */,
				A5191F05171E1FD400CA83A6 /* Mental_Math_appTests.m */,
				A5191EFF171E1FD400CA83A6 /* Supporting Files */,
			);
			path = "Mental-Math-appTests";
			sourceTree = "<group>";
		};
		A5191EFF171E1FD400CA83A6 /* Supporting Files */ = {
			isa = PBXGroup;
			children = (
				A5191F00171E1FD400CA83A6 /* Mental-Math-appTests-Info.plist */,
				A5191F01171E1FD400CA83A6 /* InfoPlist.strings */,
			);
			name = "Supporting Files";
			sourceTree = "<group>";
		};
		A5191F12171E50E200CA83A6 /* Controllers */ = {
			isa = PBXGroup;
			children = (
				A5191EEB171E1FD400CA83A6 /* MainViewController.h */,
				A5191EEC171E1FD400CA83A6 /* MainViewController.m */,
				A5191EE4171E1FD400CA83A6 /* CalculatorViewController.h */,
				A5191EE5171E1FD400CA83A6 /* CalculatorViewController.m */,
				A5A6FE8617233204003D3EB4 /* SettingsViewController.h */,
				A5A6FE8717233204003D3EB4 /* SettingsViewController.m */,
				A5526C151723655C007967AA /* SummaryViewController.h */,
				A5526C161723655C007967AA /* SummaryViewController.m */,
				A5169BD11724DA350075E873 /* SplashViewController.h */,
				A5169BD21724DA350075E873 /* SplashViewController.m */,
				A5964CD0172E0E32004B349E /* PastResultsViewController.h */,
				A5964CD1172E0E32004B349E /* PastResultsViewController.m */,
				A5F9BBEE1741EC5800A64C26 /* ViewOperationsViewController.h */,
				A5F9BBEF1741EC5800A64C26 /* ViewOperationsViewController.m */,
				A5F9BBF11743DCBB00A64C26 /* OperationTableCell.h */,
				A5F9BBF21743DCBB00A64C26 /* OperationTableCell.m */,
			);
			name = Controllers;
			sourceTree = "<group>";
		};
		A5191F13171E50EC00CA83A6 /* Models */ = {
			isa = PBXGroup;
			children = (
				A5B904FB1720DB6800AD889B /* OperatorsFactory.h */,
				A5B904FC1720DB6800AD889B /* OperatorsFactory.m */,
				A5191F0F171E3F7200CA83A6 /* Operation.h */,
				A5191F10171E3F7200CA83A6 /* Operation.m */,
				A57C8508171ECEED00C5C4F0 /* OperationList.h */,
				A57C8509171ECEED00C5C4F0 /* OperationList.m */,
				A5909082171F6DA3005C63AF /* OperationFactory.h */,
				A5909083171F6DA3005C63AF /* OperationFactory.m */,
				A5B904FE1720DB9D00AD889B /* OperatorsPair.h */,
				A5B904FF1720DB9D00AD889B /* OperatorsPair.m */,
			);
			name = Models;
			sourceTree = "<group>";
		};
		A5191F14171E510900CA83A6 /* Helpers */ = {
			isa = PBXGroup;
			children = (
				A567115D17220056009A6414 /* ConfigHelper.h */,
				A567115E17220056009A6414 /* ConfigHelper.m */,
				A5B905011720E6FB00AD889B /* MathHelper.h */,
				A5B905021720E6FB00AD889B /* MathHelper.m */,
				A5EF3E3B17261F8300BCE63E /* UIHelper.h */,
				A5EF3E3C17261F8300BCE63E /* UIHelper.m */,
				A5BE443B1739C4F400B40F92 /* UIImage+H568.h */,
				A5BE443C1739C4F400B40F92 /* UIImage+H568.m */,
				A55E4D8D174D9EC40006D6BB /* GameCenterHelper.h */,
				A55E4D8E174D9EC40006D6BB /* GameCenterHelper.m */,
			);
			name = Helpers;
			sourceTree = "<group>";
		};
/* End PBXGroup section */

/* Begin PBXNativeTarget section */
		A5191EC2171E1FD300CA83A6 /* Mental-Math-app */ = {
			isa = PBXNativeTarget;
			buildConfigurationList = A5191F09171E1FD400CA83A6 /* Build configuration list for PBXNativeTarget "Mental-Math-app" */;
			buildPhases = (
				CE4ED7B8F07F4C2CA8A434C2 /* Check Pods Manifest.lock */,
				A5191EBF171E1FD300CA83A6 /* Sources */,
				A5191EC0171E1FD300CA83A6 /* Frameworks */,
				A5191EC1171E1FD300CA83A6 /* Resources */,
				27B711B637B14BE7868AD8EE /* Copy Pods Resources */,
			);
			buildRules = (
			);
			dependencies = (
			);
			name = "Mental-Math-app";
			productName = "Mental-Math-app";
			productReference = A5191EC3171E1FD300CA83A6 /* Mental Math.app */;
			productType = "com.apple.product-type.application";
		};
		A5191EF6171E1FD400CA83A6 /* Mental-Math-appTests */ = {
			isa = PBXNativeTarget;
			buildConfigurationList = A5191F0C171E1FD400CA83A6 /* Build configuration list for PBXNativeTarget "Mental-Math-appTests" */;
			buildPhases = (
				A5191EF2171E1FD400CA83A6 /* Sources */,
				A5191EF3171E1FD400CA83A6 /* Frameworks */,
				A5191EF4171E1FD400CA83A6 /* Resources */,
				A5191EF5171E1FD400CA83A6 /* ShellScript */,
			);
			buildRules = (
			);
			dependencies = (
				A5191EFD171E1FD400CA83A6 /* PBXTargetDependency */,
			);
			name = "Mental-Math-appTests";
			productName = "Mental-Math-appTests";
			productReference = A5191EF7171E1FD400CA83A6 /* Mental-Math-appTests.octest */;
			productType = "com.apple.product-type.bundle";
		};
/* End PBXNativeTarget section */

/* Begin PBXProject section */
		A5191EBB171E1FD300CA83A6 /* Project object */ = {
			isa = PBXProject;
			attributes = {
				LastUpgradeCheck = 0460;
				ORGANIZATIONNAME = "Douglas Fernando da Silva";
			};
			buildConfigurationList = A5191EBE171E1FD300CA83A6 /* Build configuration list for PBXProject "Mental-Math-app" */;
			compatibilityVersion = "Xcode 3.2";
			developmentRegion = English;
			hasScannedForEncodings = 0;
			knownRegions = (
				en,
			);
			mainGroup = A5191EBA171E1FD300CA83A6;
			productRefGroup = A5191EC4171E1FD300CA83A6 /* Products */;
			projectDirPath = "";
			projectRoot = "";
			targets = (
				A5191EC2171E1FD300CA83A6 /* Mental-Math-app */,
				A5191EF6171E1FD400CA83A6 /* Mental-Math-appTests */,
			);
		};
/* End PBXProject section */

/* Begin PBXResourcesBuildPhase section */
		A5191EC1171E1FD300CA83A6 /* Resources */ = {
			isa = PBXResourcesBuildPhase;
			buildActionMask = 2147483647;
			files = (
				A5191ED1171E1FD300CA83A6 /* InfoPlist.strings in Resources */,
				A5191EE0171E1FD400CA83A6 /* MainStoryboard_iPhone.storyboard in Resources */,
				A515CF04173593820054EC16 /* main-background-568h@2x.png in Resources */,
				A515CF06173593950054EC16 /* splash-568h@2x.png in Resources */,
				A515CF081735A6090054EC16 /* background-568h@2x.png in Resources */,
				A5D590361738A6D700449814 /* background@2x.png in Resources */,
				A5D590371738A6D700449814 /* main-background@2x.png in Resources */,
				A5D590381738A6D700449814 /* splash@2x.png in Resources */,
				A5D5903A1738A6EE00449814 /* Default-568h@2x.png in Resources */,
				A54FFAFC174A3C07008DD56F /* mental-math-icon.png in Resources */,
				A56579471754102400DE7FA7 /* background.png in Resources */,
				A56579481754102400DE7FA7 /* main-background.png in Resources */,
				A56579491754102400DE7FA7 /* splash.png in Resources */,
				A565794B175417C600DE7FA7 /* small-icon.png in Resources */,
				A56579501754196100DE7FA7 /* app-small-icon.png in Resources */,
			);
			runOnlyForDeploymentPostprocessing = 0;
		};
		A5191EF4171E1FD400CA83A6 /* Resources */ = {
			isa = PBXResourcesBuildPhase;
			buildActionMask = 2147483647;
			files = (
				A5191F03171E1FD400CA83A6 /* InfoPlist.strings in Resources */,
			);
			runOnlyForDeploymentPostprocessing = 0;
		};
/* End PBXResourcesBuildPhase section */

/* Begin PBXShellScriptBuildPhase section */
		27B711B637B14BE7868AD8EE /* Copy Pods Resources */ = {
			isa = PBXShellScriptBuildPhase;
			buildActionMask = 2147483647;
			files = (
			);
			inputPaths = (
			);
			name = "Copy Pods Resources";
			outputPaths = (
			);
			runOnlyForDeploymentPostprocessing = 0;
			shellPath = /bin/sh;
			shellScript = "\"${SRCROOT}/Pods/Pods-resources.sh\"\n";
		};
		A5191EF5171E1FD400CA83A6 /* ShellScript */ = {
			isa = PBXShellScriptBuildPhase;
			buildActionMask = 2147483647;
			files = (
			);
			inputPaths = (
			);
			outputPaths = (
			);
			runOnlyForDeploymentPostprocessing = 0;
			shellPath = /bin/sh;
			shellScript = "# Run the unit tests in this test bundle.\n\"${SYSTEM_DEVELOPER_DIR}/Tools/RunUnitTests\"\n";
		};
		CE4ED7B8F07F4C2CA8A434C2 /* Check Pods Manifest.lock */ = {
			isa = PBXShellScriptBuildPhase;
			buildActionMask = 2147483647;
			files = (
			);
			inputPaths = (
			);
			name = "Check Pods Manifest.lock";
			outputPaths = (
			);
			runOnlyForDeploymentPostprocessing = 0;
			shellPath = /bin/sh;
			shellScript = "diff \"${PODS_ROOT}/../Podfile.lock\" \"${PODS_ROOT}/Manifest.lock\" > /dev/null\nif [[ $? != 0 ]] ; then\n    cat << EOM\nerror: The sandbox is not in sync with the Podfile.lock. Run 'pod install' or update your CocoaPods installation.\nEOM\n    exit 1\nfi\n";
		};
/* End PBXShellScriptBuildPhase section */

/* Begin PBXSourcesBuildPhase section */
		A5191EBF171E1FD300CA83A6 /* Sources */ = {
			isa = PBXSourcesBuildPhase;
			buildActionMask = 2147483647;
			files = (
				A5191ED3171E1FD300CA83A6 /* main.m in Sources */,
				A5191ED7171E1FD300CA83A6 /* AppDelegate.m in Sources */,
				A5191EE6171E1FD400CA83A6 /* CalculatorViewController.m in Sources */,
				A5191EED171E1FD400CA83A6 /* MainViewController.m in Sources */,
				A5191F11171E3F7200CA83A6 /* Operation.m in Sources */,
				A57C850A171ECEED00C5C4F0 /* OperationList.m in Sources */,
				A5909084171F6DA3005C63AF /* OperationFactory.m in Sources */,
				A5B904FD1720DB6800AD889B /* OperatorsFactory.m in Sources */,
				A5B905001720DB9D00AD889B /* OperatorsPair.m in Sources */,
				A5B905031720E6FB00AD889B /* MathHelper.m in Sources */,
				A567115F17220056009A6414 /* ConfigHelper.m in Sources */,
				A5A6FE8817233204003D3EB4 /* SettingsViewController.m in Sources */,
				A5526C171723655C007967AA /* SummaryViewController.m in Sources */,
				A5169BD31724DA350075E873 /* SplashViewController.m in Sources */,
				A5EF3E3D17261F8300BCE63E /* UIHelper.m in Sources */,
				A5964CD2172E0E32004B349E /* PastResultsViewController.m in Sources */,
				A5BE443D1739C4F400B40F92 /* UIImage+H568.m in Sources */,
				A5F9BBF01741EC5900A64C26 /* ViewOperationsViewController.m in Sources */,
				A5F9BBF31743DCBC00A64C26 /* OperationTableCell.m in Sources */,
				A55E4D8F174D9EC40006D6BB /* GameCenterHelper.m in Sources */,
			);
			runOnlyForDeploymentPostprocessing = 0;
		};
		A5191EF2171E1FD400CA83A6 /* Sources */ = {
			isa = PBXSourcesBuildPhase;
			buildActionMask = 2147483647;
			files = (
				A5191F06171E1FD400CA83A6 /* Mental_Math_appTests.m in Sources */,
			);
			runOnlyForDeploymentPostprocessing = 0;
		};
/* End PBXSourcesBuildPhase section */

/* Begin PBXTargetDependency section */
		A5191EFD171E1FD400CA83A6 /* PBXTargetDependency */ = {
			isa = PBXTargetDependency;
			target = A5191EC2171E1FD300CA83A6 /* Mental-Math-app */;
			targetProxy = A5191EFC171E1FD400CA83A6 /* PBXContainerItemProxy */;
		};
/* End PBXTargetDependency section */

/* Begin PBXVariantGroup section */
		A5191ECF171E1FD300CA83A6 /* InfoPlist.strings */ = {
			isa = PBXVariantGroup;
			children = (
				A5191ED0171E1FD300CA83A6 /* en */,
			);
			name = InfoPlist.strings;
			sourceTree = "<group>";
		};
		A5191EDE171E1FD400CA83A6 /* MainStoryboard_iPhone.storyboard */ = {
			isa = PBXVariantGroup;
			children = (
				A5191EDF171E1FD400CA83A6 /* en */,
			);
			name = MainStoryboard_iPhone.storyboard;
			sourceTree = "<group>";
		};
		A5191F01171E1FD400CA83A6 /* InfoPlist.strings */ = {
			isa = PBXVariantGroup;
			children = (
				A5191F02171E1FD400CA83A6 /* en */,
			);
			name = InfoPlist.strings;
			sourceTree = "<group>";
		};
/* End PBXVariantGroup section */

/* Begin XCBuildConfiguration section */
		A5191F07171E1FD400CA83A6 /* Debug */ = {
			isa = XCBuildConfiguration;
			buildSettings = {
				ALWAYS_SEARCH_USER_PATHS = NO;
				CLANG_CXX_LANGUAGE_STANDARD = "gnu++0x";
				CLANG_CXX_LIBRARY = "libc++";
				CLANG_ENABLE_OBJC_ARC = YES;
				CLANG_WARN_CONSTANT_CONVERSION = YES;
				CLANG_WARN_EMPTY_BODY = YES;
				CLANG_WARN_ENUM_CONVERSION = YES;
				CLANG_WARN_INT_CONVERSION = YES;
				CLANG_WARN__DUPLICATE_METHOD_MATCH = YES;
				CODE_SIGN_IDENTITY = "doug.fernando@gmail.com";
				"CODE_SIGN_IDENTITY[sdk=*]" = "doug.fernando@gmail.com";
				COPY_PHASE_STRIP = NO;
				GCC_C_LANGUAGE_STANDARD = gnu99;
				GCC_DYNAMIC_NO_PIC = NO;
				GCC_OPTIMIZATION_LEVEL = 0;
				GCC_PREPROCESSOR_DEFINITIONS = (
					"DEBUG=1",
					"$(inherited)",
				);
				GCC_SYMBOLS_PRIVATE_EXTERN = NO;
				GCC_WARN_ABOUT_RETURN_TYPE = YES;
				GCC_WARN_UNINITIALIZED_AUTOS = YES;
				GCC_WARN_UNUSED_VARIABLE = YES;
				IPHONEOS_DEPLOYMENT_TARGET = 6.0;
				ONLY_ACTIVE_ARCH = YES;
				PROVISIONING_PROFILE = "";
				"PROVISIONING_PROFILE[sdk=*]" = "";
				SDKROOT = iphoneos;
				TARGETED_DEVICE_FAMILY = "1,2";
			};
			name = Debug;
		};
		A5191F08171E1FD400CA83A6 /* Release */ = {
			isa = XCBuildConfiguration;
			buildSettings = {
				ALWAYS_SEARCH_USER_PATHS = NO;
				CLANG_CXX_LANGUAGE_STANDARD = "gnu++0x";
				CLANG_CXX_LIBRARY = "libc++";
				CLANG_ENABLE_OBJC_ARC = YES;
				CLANG_WARN_CONSTANT_CONVERSION = YES;
				CLANG_WARN_EMPTY_BODY = YES;
				CLANG_WARN_ENUM_CONVERSION = YES;
				CLANG_WARN_INT_CONVERSION = YES;
				CLANG_WARN__DUPLICATE_METHOD_MATCH = YES;
				CODE_SIGN_IDENTITY = "doug.fernando@gmail.com";
				"CODE_SIGN_IDENTITY[sdk=iphoneos*]" = "doug.fernando@gmail.com";
				COPY_PHASE_STRIP = YES;
				GCC_C_LANGUAGE_STANDARD = gnu99;
				GCC_WARN_ABOUT_RETURN_TYPE = YES;
				GCC_WARN_UNINITIALIZED_AUTOS = YES;
				GCC_WARN_UNUSED_VARIABLE = YES;
				IPHONEOS_DEPLOYMENT_TARGET = 6.0;
				OTHER_CFLAGS = "-DNS_BLOCK_ASSERTIONS=1";
				PROVISIONING_PROFILE = "";
				"PROVISIONING_PROFILE[sdk=iphoneos*]" = "";
				SDKROOT = iphoneos;
				TARGETED_DEVICE_FAMILY = "1,2";
				VALIDATE_PRODUCT = YES;
			};
			name = Release;
		};
		A5191F0A171E1FD400CA83A6 /* Debug */ = {
			isa = XCBuildConfiguration;
			baseConfigurationReference = 228FBDC3563A4BB2BB6EF173 /* Pods.xcconfig */;
			buildSettings = {
				CODE_SIGN_IDENTITY = "iPhone Distribution";
				"CODE_SIGN_IDENTITY[sdk=*]" = "iPhone Distribution";
				FRAMEWORK_SEARCH_PATHS = (
					"$(inherited)",
					"\"$(SRCROOT)/../External-Libs\"",
				);
				GCC_PRECOMPILE_PREFIX_HEADER = YES;
				GCC_PREFIX_HEADER = "Mental-Math-app/Mental-Math-app-Prefix.pch";
				INFOPLIST_FILE = "Mental-Math-app/Mental-Math-app-Info.plist";
				IPHONEOS_DEPLOYMENT_TARGET = 6.0;
				PRODUCT_NAME = "Mental Math";
				PROVISIONING_PROFILE = "";
				"PROVISIONING_PROFILE[sdk=*]" = "";
				TARGETED_DEVICE_FAMILY = 1;
				WRAPPER_EXTENSION = app;
			};
			name = Debug;
		};
		A5191F0B171E1FD400CA83A6 /* Release */ = {
			isa = XCBuildConfiguration;
			baseConfigurationReference = 228FBDC3563A4BB2BB6EF173 /* Pods.xcconfig */;
			buildSettings = {
				CODE_SIGN_IDENTITY = "iPhone Distribution";
				"CODE_SIGN_IDENTITY[sdk=iphoneos*]" = "iPhone Distribution";
				FRAMEWORK_SEARCH_PATHS = (
					"$(inherited)",
					"\"$(SRCROOT)/../External-Libs\"",
				);
				GCC_PRECOMPILE_PREFIX_HEADER = YES;
				GCC_PREFIX_HEADER = "Mental-Math-app/Mental-Math-app-Prefix.pch";
				INFOPLIST_FILE = "Mental-Math-app/Mental-Math-app-Info.plist";
				IPHONEOS_DEPLOYMENT_TARGET = 6.0;
				PRODUCT_NAME = "Mental Math";
				PROVISIONING_PROFILE = "";
				"PROVISIONING_PROFILE[sdk=iphoneos*]" = "";
				TARGETED_DEVICE_FAMILY = 1;
				WRAPPER_EXTENSION = app;
			};
			name = Release;
		};
		A5191F0D171E1FD400CA83A6 /* Debug */ = {
			isa = XCBuildConfiguration;
			buildSettings = {
				BUNDLE_LOADER = "$(BUILT_PRODUCTS_DIR)/Mental-Math-app.app/Mental-Math-app";
				FRAMEWORK_SEARCH_PATHS = (
					"\"$(SDKROOT)/Developer/Library/Frameworks\"",
					"\"$(DEVELOPER_LIBRARY_DIR)/Frameworks\"",
				);
				GCC_PRECOMPILE_PREFIX_HEADER = YES;
				GCC_PREFIX_HEADER = "Mental-Math-app/Mental-Math-app-Prefix.pch";
				INFOPLIST_FILE = "Mental-Math-appTests/Mental-Math-appTests-Info.plist";
				PRODUCT_NAME = "$(TARGET_NAME)";
				TEST_HOST = "$(BUNDLE_LOADER)";
				WRAPPER_EXTENSION = octest;
			};
			name = Debug;
		};
		A5191F0E171E1FD400CA83A6 /* Release */ = {
			isa = XCBuildConfiguration;
			buildSettings = {
				BUNDLE_LOADER = "$(BUILT_PRODUCTS_DIR)/Mental-Math-app.app/Mental-Math-app";
				FRAMEWORK_SEARCH_PATHS = (
					"\"$(SDKROOT)/Developer/Library/Frameworks\"",
					"\"$(DEVELOPER_LIBRARY_DIR)/Frameworks\"",
				);
				GCC_PRECOMPILE_PREFIX_HEADER = YES;
				GCC_PREFIX_HEADER = "Mental-Math-app/Mental-Math-app-Prefix.pch";
				INFOPLIST_FILE = "Mental-Math-appTests/Mental-Math-appTests-Info.plist";
				PRODUCT_NAME = "$(TARGET_NAME)";
				TEST_HOST = "$(BUNDLE_LOADER)";
				WRAPPER_EXTENSION = octest;
			};
			name = Release;
		};
/* End XCBuildConfiguration section */

/* Begin XCConfigurationList section */
		A5191EBE171E1FD300CA83A6 /* Build configuration list for PBXProject "Mental-Math-app" */ = {
			isa = XCConfigurationList;
			buildConfigurations = (
				A5191F07171E1FD400CA83A6 /* Debug */,
				A5191F08171E1FD400CA83A6 /* Release */,
			);
			defaultConfigurationIsVisible = 0;
			defaultConfigurationName = Release;
		};
		A5191F09171E1FD400CA83A6 /* Build configuration list for PBXNativeTarget "Mental-Math-app" */ = {
			isa = XCConfigurationList;
			buildConfigurations = (
				A5191F0A171E1FD400CA83A6 /* Debug */,
				A5191F0B171E1FD400CA83A6 /* Release */,
			);
			defaultConfigurationIsVisible = 0;
			defaultConfigurationName = Release;
		};
		A5191F0C171E1FD400CA83A6 /* Build configuration list for PBXNativeTarget "Mental-Math-appTests" */ = {
			isa = XCConfigurationList;
			buildConfigurations = (
				A5191F0D171E1FD400CA83A6 /* Debug */,
				A5191F0E171E1FD400CA83A6 /* Release */,
			);
			defaultConfigurationIsVisible = 0;
			defaultConfigurationName = Release;
		};
/* End XCConfigurationList section */
	};
	rootObject = A5191EBB171E1FD300CA83A6 /* Project object */;
}
